// !$*UTF8*$!
{
	archiveVersion = 1;
	classes = {
	};
	objectVersion = 50;
	objects = {

/* Begin PBXBuildFile section */
		E95AD3C92684DF640051FF7C /* PopularDestinationsView.swift in Sources */ = {isa = PBXBuildFile; fileRef = E95AD3C82684DF640051FF7C /* PopularDestinationsView.swift */; };
		E95AD3CB2684E0680051FF7C /* PopularRestaurantsView.swift in Sources */ = {isa = PBXBuildFile; fileRef = E95AD3CA2684E0680051FF7C /* PopularRestaurantsView.swift */; };
		E95AD3CD2684E1920051FF7C /* DiscoverCategoriesView.swift in Sources */ = {isa = PBXBuildFile; fileRef = E95AD3CC2684E1920051FF7C /* DiscoverCategoriesView.swift */; };
		E95AD3CF2684E1B40051FF7C /* TrendingCreatorsView.swift in Sources */ = {isa = PBXBuildFile; fileRef = E95AD3CE2684E1B40051FF7C /* TrendingCreatorsView.swift */; };
		E95AD3D12684E21E0051FF7C /* Creator.swift in Sources */ = {isa = PBXBuildFile; fileRef = E95AD3D02684E21E0051FF7C /* Creator.swift */; };
		E95AD3D32684E24A0051FF7C /* Category.swift in Sources */ = {isa = PBXBuildFile; fileRef = E95AD3D22684E24A0051FF7C /* Category.swift */; };
		E95AD3D52684E2730051FF7C /* Destination.swift in Sources */ = {isa = PBXBuildFile; fileRef = E95AD3D42684E2730051FF7C /* Destination.swift */; };
		E95AD3D72684EA8A0051FF7C /* TileModifier.swift in Sources */ = {isa = PBXBuildFile; fileRef = E95AD3D62684EA8A0051FF7C /* TileModifier.swift */; };
		E97698EE268092FF00270502 /* UserService.swift in Sources */ = {isa = PBXBuildFile; fileRef = E97698ED268092FF00270502 /* UserService.swift */; };
		E97698F126809AFD00270502 /* AppStart.swift in Sources */ = {isa = PBXBuildFile; fileRef = E97698F026809AFD00270502 /* AppStart.swift */; };
		E997760E26807062004AE51F /* ForgotPasswordView.swift in Sources */ = {isa = PBXBuildFile; fileRef = E997760D26807062004AE51F /* ForgotPasswordView.swift */; };
		E99776102680716D004AE51F /* Register.swift in Sources */ = {isa = PBXBuildFile; fileRef = E997760F2680716D004AE51F /* Register.swift */; };
		E99C324E2681FE8D00CD185A /* network.swift in Sources */ = {isa = PBXBuildFile; fileRef = E99C324D2681FE8D00CD185A /* network.swift */; };
		E99C32512683395000CD185A /* Home.swift in Sources */ = {isa = PBXBuildFile; fileRef = E99C32502683395000CD185A /* Home.swift */; };
		E99C328E26836C9C00CD185A /* ImageFromUrl.swift in Sources */ = {isa = PBXBuildFile; fileRef = E99C328D26836C9C00CD185A /* ImageFromUrl.swift */; };
		E9B5AC76267C605A0053FFA3 /* SocialFoodApp.swift in Sources */ = {isa = PBXBuildFile; fileRef = E9B5AC75267C605A0053FFA3 /* SocialFoodApp.swift */; };
		E9B5AC78267C605A0053FFA3 /* ContentView.swift in Sources */ = {isa = PBXBuildFile; fileRef = E9B5AC77267C605A0053FFA3 /* ContentView.swift */; };
		E9B5AC7A267C605C0053FFA3 /* Assets.xcassets in Resources */ = {isa = PBXBuildFile; fileRef = E9B5AC79267C605C0053FFA3 /* Assets.xcassets */; };
		E9B5AC7D267C605C0053FFA3 /* Preview Assets.xcassets in Resources */ = {isa = PBXBuildFile; fileRef = E9B5AC7C267C605C0053FFA3 /* Preview Assets.xcassets */; };
		E9B5AC88267C605C0053FFA3 /* SocialFoodTests.swift in Sources */ = {isa = PBXBuildFile; fileRef = E9B5AC87267C605C0053FFA3 /* SocialFoodTests.swift */; };
		E9B5AC93267C605C0053FFA3 /* SocialFoodUITests.swift in Sources */ = {isa = PBXBuildFile; fileRef = E9B5AC92267C605C0053FFA3 /* SocialFoodUITests.swift */; };
		E9B5ACA2267C60D70053FFA3 /* Login.swift in Sources */ = {isa = PBXBuildFile; fileRef = E9B5ACA1267C60D70053FFA3 /* Login.swift */; };
		E9B5ACA8267C62F00053FFA3 /* User.swift in Sources */ = {isa = PBXBuildFile; fileRef = E9B5ACA7267C62F00053FFA3 /* User.swift */; };
/* End PBXBuildFile section */

/* Begin PBXContainerItemProxy section */
		E9B5AC84267C605C0053FFA3 /* PBXContainerItemProxy */ = {
			isa = PBXContainerItemProxy;
			containerPortal = E9B5AC6A267C60590053FFA3 /* Project object */;
			proxyType = 1;
			remoteGlobalIDString = E9B5AC71267C60590053FFA3;
			remoteInfo = SocialFood;
		};
		E9B5AC8F267C605C0053FFA3 /* PBXContainerItemProxy */ = {
			isa = PBXContainerItemProxy;
			containerPortal = E9B5AC6A267C60590053FFA3 /* Project object */;
			proxyType = 1;
			remoteGlobalIDString = E9B5AC71267C60590053FFA3;
			remoteInfo = SocialFood;
		};
/* End PBXContainerItemProxy section */

/* Begin PBXFileReference section */
		E95AD3C82684DF640051FF7C /* PopularDestinationsView.swift */ = {isa = PBXFileReference; lastKnownFileType = sourcecode.swift; path = PopularDestinationsView.swift; sourceTree = "<group>"; };
		E95AD3CA2684E0680051FF7C /* PopularRestaurantsView.swift */ = {isa = PBXFileReference; lastKnownFileType = sourcecode.swift; path = PopularRestaurantsView.swift; sourceTree = "<group>"; };
		E95AD3CC2684E1920051FF7C /* DiscoverCategoriesView.swift */ = {isa = PBXFileReference; lastKnownFileType = sourcecode.swift; path = DiscoverCategoriesView.swift; sourceTree = "<group>"; };
		E95AD3CE2684E1B40051FF7C /* TrendingCreatorsView.swift */ = {isa = PBXFileReference; lastKnownFileType = sourcecode.swift; path = TrendingCreatorsView.swift; sourceTree = "<group>"; };
		E95AD3D02684E21E0051FF7C /* Creator.swift */ = {isa = PBXFileReference; lastKnownFileType = sourcecode.swift; path = Creator.swift; sourceTree = "<group>"; };
		E95AD3D22684E24A0051FF7C /* Category.swift */ = {isa = PBXFileReference; lastKnownFileType = sourcecode.swift; path = Category.swift; sourceTree = "<group>"; };
		E95AD3D42684E2730051FF7C /* Destination.swift */ = {isa = PBXFileReference; lastKnownFileType = sourcecode.swift; path = Destination.swift; sourceTree = "<group>"; };
		E95AD3D62684EA8A0051FF7C /* TileModifier.swift */ = {isa = PBXFileReference; lastKnownFileType = sourcecode.swift; path = TileModifier.swift; sourceTree = "<group>"; };
		E97698ED268092FF00270502 /* UserService.swift */ = {isa = PBXFileReference; lastKnownFileType = sourcecode.swift; path = UserService.swift; sourceTree = "<group>"; };
		E97698F026809AFD00270502 /* AppStart.swift */ = {isa = PBXFileReference; lastKnownFileType = sourcecode.swift; path = AppStart.swift; sourceTree = "<group>"; };
		E997760D26807062004AE51F /* ForgotPasswordView.swift */ = {isa = PBXFileReference; lastKnownFileType = sourcecode.swift; path = ForgotPasswordView.swift; sourceTree = "<group>"; };
		E997760F2680716D004AE51F /* Register.swift */ = {isa = PBXFileReference; lastKnownFileType = sourcecode.swift; path = Register.swift; sourceTree = "<group>"; };
		E99C324D2681FE8D00CD185A /* network.swift */ = {isa = PBXFileReference; lastKnownFileType = sourcecode.swift; path = network.swift; sourceTree = "<group>"; };
		E99C32502683395000CD185A /* Home.swift */ = {isa = PBXFileReference; lastKnownFileType = sourcecode.swift; path = Home.swift; sourceTree = "<group>"; };
		E99C328D26836C9C00CD185A /* ImageFromUrl.swift */ = {isa = PBXFileReference; lastKnownFileType = sourcecode.swift; path = ImageFromUrl.swift; sourceTree = "<group>"; };
		E9B5AC72267C605A0053FFA3 /* SocialFood.app */ = {isa = PBXFileReference; explicitFileType = wrapper.application; includeInIndex = 0; path = SocialFood.app; sourceTree = BUILT_PRODUCTS_DIR; };
		E9B5AC75267C605A0053FFA3 /* SocialFoodApp.swift */ = {isa = PBXFileReference; lastKnownFileType = sourcecode.swift; path = SocialFoodApp.swift; sourceTree = "<group>"; };
		E9B5AC77267C605A0053FFA3 /* ContentView.swift */ = {isa = PBXFileReference; lastKnownFileType = sourcecode.swift; path = ContentView.swift; sourceTree = "<group>"; };
		E9B5AC79267C605C0053FFA3 /* Assets.xcassets */ = {isa = PBXFileReference; lastKnownFileType = folder.assetcatalog; path = Assets.xcassets; sourceTree = "<group>"; };
		E9B5AC7C267C605C0053FFA3 /* Preview Assets.xcassets */ = {isa = PBXFileReference; lastKnownFileType = folder.assetcatalog; path = "Preview Assets.xcassets"; sourceTree = "<group>"; };
		E9B5AC7E267C605C0053FFA3 /* Info.plist */ = {isa = PBXFileReference; lastKnownFileType = text.plist.xml; path = Info.plist; sourceTree = "<group>"; };
		E9B5AC83267C605C0053FFA3 /* SocialFoodTests.xctest */ = {isa = PBXFileReference; explicitFileType = wrapper.cfbundle; includeInIndex = 0; path = SocialFoodTests.xctest; sourceTree = BUILT_PRODUCTS_DIR; };
		E9B5AC87267C605C0053FFA3 /* SocialFoodTests.swift */ = {isa = PBXFileReference; lastKnownFileType = sourcecode.swift; path = SocialFoodTests.swift; sourceTree = "<group>"; };
		E9B5AC89267C605C0053FFA3 /* Info.plist */ = {isa = PBXFileReference; lastKnownFileType = text.plist.xml; path = Info.plist; sourceTree = "<group>"; };
		E9B5AC8E267C605C0053FFA3 /* SocialFoodUITests.xctest */ = {isa = PBXFileReference; explicitFileType = wrapper.cfbundle; includeInIndex = 0; path = SocialFoodUITests.xctest; sourceTree = BUILT_PRODUCTS_DIR; };
		E9B5AC92267C605C0053FFA3 /* SocialFoodUITests.swift */ = {isa = PBXFileReference; lastKnownFileType = sourcecode.swift; path = SocialFoodUITests.swift; sourceTree = "<group>"; };
		E9B5AC94267C605C0053FFA3 /* Info.plist */ = {isa = PBXFileReference; lastKnownFileType = text.plist.xml; path = Info.plist; sourceTree = "<group>"; };
		E9B5ACA1267C60D70053FFA3 /* Login.swift */ = {isa = PBXFileReference; lastKnownFileType = sourcecode.swift; path = Login.swift; sourceTree = "<group>"; };
		E9B5ACA7267C62F00053FFA3 /* User.swift */ = {isa = PBXFileReference; lastKnownFileType = sourcecode.swift; path = User.swift; sourceTree = "<group>"; };
/* End PBXFileReference section */

/* Begin PBXFrameworksBuildPhase section */
		E9B5AC6F267C60590053FFA3 /* Frameworks */ = {
			isa = PBXFrameworksBuildPhase;
			buildActionMask = 2147483647;
			files = (
			);
			runOnlyForDeploymentPostprocessing = 0;
		};
		E9B5AC80267C605C0053FFA3 /* Frameworks */ = {
			isa = PBXFrameworksBuildPhase;
			buildActionMask = 2147483647;
			files = (
			);
			runOnlyForDeploymentPostprocessing = 0;
		};
		E9B5AC8B267C605C0053FFA3 /* Frameworks */ = {
			isa = PBXFrameworksBuildPhase;
			buildActionMask = 2147483647;
			files = (
			);
			runOnlyForDeploymentPostprocessing = 0;
		};
/* End PBXFrameworksBuildPhase section */

/* Begin PBXGroup section */
		E997761126807183004AE51F /* authentication */ = {
			isa = PBXGroup;
			children = (
			);
			path = authentication;
			sourceTree = "<group>";
		};
		E99C324A2681FD9200CD185A /* NetWork */ = {
			isa = PBXGroup;
			children = (
				E99C324D2681FE8D00CD185A /* network.swift */,
			);
			path = NetWork;
			sourceTree = "<group>";
		};
		E99C324C2681FE2C00CD185A /* Initilization */ = {
			isa = PBXGroup;
			children = (
				E97698F026809AFD00270502 /* AppStart.swift */,
			);
			path = Initilization;
			sourceTree = "<group>";
		};
		E99C324F2683166D00CD185A /* page */ = {
			isa = PBXGroup;
			children = (
				E9B5ACA1267C60D70053FFA3 /* Login.swift */,
				E997760D26807062004AE51F /* ForgotPasswordView.swift */,
				E997760F2680716D004AE51F /* Register.swift */,
				E99C32502683395000CD185A /* Home.swift */,
			);
			path = page;
			sourceTree = "<group>";
		};
		E99C328C26836C8E00CD185A /* Utils */ = {
			isa = PBXGroup;
			children = (
				E99C328D26836C9C00CD185A /* ImageFromUrl.swift */,
				E95AD3D62684EA8A0051FF7C /* TileModifier.swift */,
			);
			path = Utils;
			sourceTree = "<group>";
		};
		E99C328F26837A0500CD185A /* components */ = {
			isa = PBXGroup;
			children = (
				E95AD3C82684DF640051FF7C /* PopularDestinationsView.swift */,
				E95AD3CA2684E0680051FF7C /* PopularRestaurantsView.swift */,
				E95AD3CC2684E1920051FF7C /* DiscoverCategoriesView.swift */,
				E95AD3CE2684E1B40051FF7C /* TrendingCreatorsView.swift */,
			);
			path = components;
			sourceTree = "<group>";
		};
		E9B5AC69267C60590053FFA3 = {
			isa = PBXGroup;
			children = (
				E9B5AC74267C605A0053FFA3 /* SocialFood */,
				E9B5AC86267C605C0053FFA3 /* SocialFoodTests */,
				E9B5AC91267C605C0053FFA3 /* SocialFoodUITests */,
				E9B5AC73267C605A0053FFA3 /* Products */,
			);
			sourceTree = "<group>";
		};
		E9B5AC73267C605A0053FFA3 /* Products */ = {
			isa = PBXGroup;
			children = (
				E9B5AC72267C605A0053FFA3 /* SocialFood.app */,
				E9B5AC83267C605C0053FFA3 /* SocialFoodTests.xctest */,
				E9B5AC8E267C605C0053FFA3 /* SocialFoodUITests.xctest */,
			);
			name = Products;
			sourceTree = "<group>";
		};
		E9B5AC74267C605A0053FFA3 /* SocialFood */ = {
			isa = PBXGroup;
			children = (
				E99C328C26836C8E00CD185A /* Utils */,
				E99C324C2681FE2C00CD185A /* Initilization */,
				E99C324A2681FD9200CD185A /* NetWork */,
				E9B5ACA6267C62DC0053FFA3 /* Models */,
				E9B5ACA5267C62B80053FFA3 /* Services */,
				E9B5ACA0267C60B90053FFA3 /* Views */,
				E9B5AC75267C605A0053FFA3 /* SocialFoodApp.swift */,
				E9B5AC77267C605A0053FFA3 /* ContentView.swift */,
				E9B5AC79267C605C0053FFA3 /* Assets.xcassets */,
				E9B5AC7E267C605C0053FFA3 /* Info.plist */,
				E9B5AC7B267C605C0053FFA3 /* Preview Content */,
			);
			path = SocialFood;
			sourceTree = "<group>";
		};
		E9B5AC7B267C605C0053FFA3 /* Preview Content */ = {
			isa = PBXGroup;
			children = (
				E9B5AC7C267C605C0053FFA3 /* Preview Assets.xcassets */,
			);
			path = "Preview Content";
			sourceTree = "<group>";
		};
		E9B5AC86267C605C0053FFA3 /* SocialFoodTests */ = {
			isa = PBXGroup;
			children = (
				E9B5AC87267C605C0053FFA3 /* SocialFoodTests.swift */,
				E9B5AC89267C605C0053FFA3 /* Info.plist */,
			);
			path = SocialFoodTests;
			sourceTree = "<group>";
		};
		E9B5AC91267C605C0053FFA3 /* SocialFoodUITests */ = {
			isa = PBXGroup;
			children = (
				E9B5AC92267C605C0053FFA3 /* SocialFoodUITests.swift */,
				E9B5AC94267C605C0053FFA3 /* Info.plist */,
			);
			path = SocialFoodUITests;
			sourceTree = "<group>";
		};
		E9B5ACA0267C60B90053FFA3 /* Views */ = {
			isa = PBXGroup;
			children = (
				E9B5ACA3267C62870053FFA3 /* Screens */,
			);
			path = Views;
			sourceTree = "<group>";
		};
		E9B5ACA3267C62870053FFA3 /* Screens */ = {
			isa = PBXGroup;
			children = (
				E99C328F26837A0500CD185A /* components */,
				E99C324F2683166D00CD185A /* page */,
				E997761126807183004AE51F /* authentication */,
			);
			path = Screens;
			sourceTree = "<group>";
		};
		E9B5ACA5267C62B80053FFA3 /* Services */ = {
			isa = PBXGroup;
			children = (
				E97698ED268092FF00270502 /* UserService.swift */,
			);
			path = Services;
			sourceTree = "<group>";
		};
		E9B5ACA6267C62DC0053FFA3 /* Models */ = {
			isa = PBXGroup;
			children = (
				E9B5ACA7267C62F00053FFA3 /* User.swift */,
				E95AD3D02684E21E0051FF7C /* Creator.swift */,
				E95AD3D22684E24A0051FF7C /* Category.swift */,
				E95AD3D42684E2730051FF7C /* Destination.swift */,
			);
			path = Models;
			sourceTree = "<group>";
		};
/* End PBXGroup section */

/* Begin PBXNativeTarget section */
		E9B5AC71267C60590053FFA3 /* SocialFood */ = {
			isa = PBXNativeTarget;
			buildConfigurationList = E9B5AC97267C605C0053FFA3 /* Build configuration list for PBXNativeTarget "SocialFood" */;
			buildPhases = (
				E9B5AC6E267C60590053FFA3 /* Sources */,
				E9B5AC6F267C60590053FFA3 /* Frameworks */,
				E9B5AC70267C60590053FFA3 /* Resources */,
			);
			buildRules = (
			);
			dependencies = (
			);
			name = SocialFood;
			productName = SocialFood;
			productReference = E9B5AC72267C605A0053FFA3 /* SocialFood.app */;
			productType = "com.apple.product-type.application";
		};
		E9B5AC82267C605C0053FFA3 /* SocialFoodTests */ = {
			isa = PBXNativeTarget;
			buildConfigurationList = E9B5AC9A267C605C0053FFA3 /* Build configuration list for PBXNativeTarget "SocialFoodTests" */;
			buildPhases = (
				E9B5AC7F267C605C0053FFA3 /* Sources */,
				E9B5AC80267C605C0053FFA3 /* Frameworks */,
				E9B5AC81267C605C0053FFA3 /* Resources */,
			);
			buildRules = (
			);
			dependencies = (
				E9B5AC85267C605C0053FFA3 /* PBXTargetDependency */,
			);
			name = SocialFoodTests;
			productName = SocialFoodTests;
			productReference = E9B5AC83267C605C0053FFA3 /* SocialFoodTests.xctest */;
			productType = "com.apple.product-type.bundle.unit-test";
		};
		E9B5AC8D267C605C0053FFA3 /* SocialFoodUITests */ = {
			isa = PBXNativeTarget;
			buildConfigurationList = E9B5AC9D267C605C0053FFA3 /* Build configuration list for PBXNativeTarget "SocialFoodUITests" */;
			buildPhases = (
				E9B5AC8A267C605C0053FFA3 /* Sources */,
				E9B5AC8B267C605C0053FFA3 /* Frameworks */,
				E9B5AC8C267C605C0053FFA3 /* Resources */,
			);
			buildRules = (
			);
			dependencies = (
				E9B5AC90267C605C0053FFA3 /* PBXTargetDependency */,
			);
			name = SocialFoodUITests;
			productName = SocialFoodUITests;
			productReference = E9B5AC8E267C605C0053FFA3 /* SocialFoodUITests.xctest */;
			productType = "com.apple.product-type.bundle.ui-testing";
		};
/* End PBXNativeTarget section */

/* Begin PBXProject section */
		E9B5AC6A267C60590053FFA3 /* Project object */ = {
			isa = PBXProject;
			attributes = {
				LastSwiftUpdateCheck = 1250;
				LastUpgradeCheck = 1250;
				TargetAttributes = {
					E9B5AC71267C60590053FFA3 = {
						CreatedOnToolsVersion = 12.5;
					};
					E9B5AC82267C605C0053FFA3 = {
						CreatedOnToolsVersion = 12.5;
						TestTargetID = E9B5AC71267C60590053FFA3;
					};
					E9B5AC8D267C605C0053FFA3 = {
						CreatedOnToolsVersion = 12.5;
						TestTargetID = E9B5AC71267C60590053FFA3;
					};
				};
			};
			buildConfigurationList = E9B5AC6D267C60590053FFA3 /* Build configuration list for PBXProject "SocialFood" */;
			compatibilityVersion = "Xcode 9.3";
			developmentRegion = en;
			hasScannedForEncodings = 0;
			knownRegions = (
				en,
				Base,
			);
			mainGroup = E9B5AC69267C60590053FFA3;
			productRefGroup = E9B5AC73267C605A0053FFA3 /* Products */;
			projectDirPath = "";
			projectRoot = "";
			targets = (
				E9B5AC71267C60590053FFA3 /* SocialFood */,
				E9B5AC82267C605C0053FFA3 /* SocialFoodTests */,
				E9B5AC8D267C605C0053FFA3 /* SocialFoodUITests */,
			);
		};
/* End PBXProject section */

/* Begin PBXResourcesBuildPhase section */
		E9B5AC70267C60590053FFA3 /* Resources */ = {
			isa = PBXResourcesBuildPhase;
			buildActionMask = 2147483647;
			files = (
				E9B5AC7D267C605C0053FFA3 /* Preview Assets.xcassets in Resources */,
				E9B5AC7A267C605C0053FFA3 /* Assets.xcassets in Resources */,
			);
			runOnlyForDeploymentPostprocessing = 0;
		};
		E9B5AC81267C605C0053FFA3 /* Resources */ = {
			isa = PBXResourcesBuildPhase;
			buildActionMask = 2147483647;
			files = (
			);
			runOnlyForDeploymentPostprocessing = 0;
		};
		E9B5AC8C267C605C0053FFA3 /* Resources */ = {
			isa = PBXResourcesBuildPhase;
			buildActionMask = 2147483647;
			files = (
			);
			runOnlyForDeploymentPostprocessing = 0;
		};
/* End PBXResourcesBuildPhase section */

/* Begin PBXSourcesBuildPhase section */
		E9B5AC6E267C60590053FFA3 /* Sources */ = {
			isa = PBXSourcesBuildPhase;
			buildActionMask = 2147483647;
			files = (
				E9B5ACA8267C62F00053FFA3 /* User.swift in Sources */,
				E9B5ACA2267C60D70053FFA3 /* Login.swift in Sources */,
				E99C324E2681FE8D00CD185A /* network.swift in Sources */,
				E95AD3C92684DF640051FF7C /* PopularDestinationsView.swift in Sources */,
				E99C328E26836C9C00CD185A /* ImageFromUrl.swift in Sources */,
				E95AD3CF2684E1B40051FF7C /* TrendingCreatorsView.swift in Sources */,
				E9B5AC78267C605A0053FFA3 /* ContentView.swift in Sources */,
				E95AD3D72684EA8A0051FF7C /* TileModifier.swift in Sources */,
				E97698EE268092FF00270502 /* UserService.swift in Sources */,
				E95AD3D12684E21E0051FF7C /* Creator.swift in Sources */,
				E95AD3CD2684E1920051FF7C /* DiscoverCategoriesView.swift in Sources */,
				E99776102680716D004AE51F /* Register.swift in Sources */,
				E95AD3D32684E24A0051FF7C /* Category.swift in Sources */,
				E99C32512683395000CD185A /* Home.swift in Sources */,
				E9B5AC76267C605A0053FFA3 /* SocialFoodApp.swift in Sources */,
				E95AD3D52684E2730051FF7C /* Destination.swift in Sources */,
				E997760E26807062004AE51F /* ForgotPasswordView.swift in Sources */,
				E95AD3CB2684E0680051FF7C /* PopularRestaurantsView.swift in Sources */,
				E97698F126809AFD00270502 /* AppStart.swift in Sources */,
			);
			runOnlyForDeploymentPostprocessing = 0;
		};
		E9B5AC7F267C605C0053FFA3 /* Sources */ = {
			isa = PBXSourcesBuildPhase;
			buildActionMask = 2147483647;
			files = (
				E9B5AC88267C605C0053FFA3 /* SocialFoodTests.swift in Sources */,
			);
			runOnlyForDeploymentPostprocessing = 0;
		};
		E9B5AC8A267C605C0053FFA3 /* Sources */ = {
			isa = PBXSourcesBuildPhase;
			buildActionMask = 2147483647;
			files = (
				E9B5AC93267C605C0053FFA3 /* SocialFoodUITests.swift in Sources */,
			);
			runOnlyForDeploymentPostprocessing = 0;
		};
/* End PBXSourcesBuildPhase section */

/* Begin PBXTargetDependency section */
		E9B5AC85267C605C0053FFA3 /* PBXTargetDependency */ = {
			isa = PBXTargetDependency;
			target = E9B5AC71267C60590053FFA3 /* SocialFood */;
			targetProxy = E9B5AC84267C605C0053FFA3 /* PBXContainerItemProxy */;
		};
		E9B5AC90267C605C0053FFA3 /* PBXTargetDependency */ = {
			isa = PBXTargetDependency;
			target = E9B5AC71267C60590053FFA3 /* SocialFood */;
			targetProxy = E9B5AC8F267C605C0053FFA3 /* PBXContainerItemProxy */;
		};
/* End PBXTargetDependency section */

/* Begin XCBuildConfiguration section */
		E9B5AC95267C605C0053FFA3 /* Debug */ = {
			isa = XCBuildConfiguration;
			buildSettings = {
				ALWAYS_SEARCH_USER_PATHS = NO;
				CLANG_ANALYZER_NONNULL = YES;
				CLANG_ANALYZER_NUMBER_OBJECT_CONVERSION = YES_AGGRESSIVE;
				CLANG_CXX_LANGUAGE_STANDARD = "gnu++14";
				CLANG_CXX_LIBRARY = "libc++";
				CLANG_ENABLE_MODULES = YES;
				CLANG_ENABLE_OBJC_ARC = YES;
				CLANG_ENABLE_OBJC_WEAK = YES;
				CLANG_WARN_BLOCK_CAPTURE_AUTORELEASING = YES;
				CLANG_WARN_BOOL_CONVERSION = YES;
				CLANG_WARN_COMMA = YES;
				CLANG_WARN_CONSTANT_CONVERSION = YES;
				CLANG_WARN_DEPRECATED_OBJC_IMPLEMENTATIONS = YES;
				CLANG_WARN_DIRECT_OBJC_ISA_USAGE = YES_ERROR;
				CLANG_WARN_DOCUMENTATION_COMMENTS = YES;
				CLANG_WARN_EMPTY_BODY = YES;
				CLANG_WARN_ENUM_CONVERSION = YES;
				CLANG_WARN_INFINITE_RECURSION = YES;
				CLANG_WARN_INT_CONVERSION = YES;
				CLANG_WARN_NON_LITERAL_NULL_CONVERSION = YES;
				CLANG_WARN_OBJC_IMPLICIT_RETAIN_SELF = YES;
				CLANG_WARN_OBJC_LITERAL_CONVERSION = YES;
				CLANG_WARN_OBJC_ROOT_CLASS = YES_ERROR;
				CLANG_WARN_QUOTED_INCLUDE_IN_FRAMEWORK_HEADER = YES;
				CLANG_WARN_RANGE_LOOP_ANALYSIS = YES;
				CLANG_WARN_STRICT_PROTOTYPES = YES;
				CLANG_WARN_SUSPICIOUS_MOVE = YES;
				CLANG_WARN_UNGUARDED_AVAILABILITY = YES_AGGRESSIVE;
				CLANG_WARN_UNREACHABLE_CODE = YES;
				CLANG_WARN__DUPLICATE_METHOD_MATCH = YES;
				COPY_PHASE_STRIP = NO;
				DEBUG_INFORMATION_FORMAT = dwarf;
				ENABLE_STRICT_OBJC_MSGSEND = YES;
				ENABLE_TESTABILITY = YES;
				GCC_C_LANGUAGE_STANDARD = gnu11;
				GCC_DYNAMIC_NO_PIC = NO;
				GCC_NO_COMMON_BLOCKS = YES;
				GCC_OPTIMIZATION_LEVEL = 0;
				GCC_PREPROCESSOR_DEFINITIONS = (
					"DEBUG=1",
					"$(inherited)",
				);
				GCC_WARN_64_TO_32_BIT_CONVERSION = YES;
				GCC_WARN_ABOUT_RETURN_TYPE = YES_ERROR;
				GCC_WARN_UNDECLARED_SELECTOR = YES;
				GCC_WARN_UNINITIALIZED_AUTOS = YES_AGGRESSIVE;
				GCC_WARN_UNUSED_FUNCTION = YES;
				GCC_WARN_UNUSED_VARIABLE = YES;
				IPHONEOS_DEPLOYMENT_TARGET = 14.5;
				MTL_ENABLE_DEBUG_INFO = INCLUDE_SOURCE;
				MTL_FAST_MATH = YES;
				ONLY_ACTIVE_ARCH = YES;
				SDKROOT = iphoneos;
				SWIFT_ACTIVE_COMPILATION_CONDITIONS = DEBUG;
				SWIFT_OPTIMIZATION_LEVEL = "-Onone";
			};
			name = Debug;
		};
		E9B5AC96267C605C0053FFA3 /* Release */ = {
			isa = XCBuildConfiguration;
			buildSettings = {
				ALWAYS_SEARCH_USER_PATHS = NO;
				CLANG_ANALYZER_NONNULL = YES;
				CLANG_ANALYZER_NUMBER_OBJECT_CONVERSION = YES_AGGRESSIVE;
				CLANG_CXX_LANGUAGE_STANDARD = "gnu++14";
				CLANG_CXX_LIBRARY = "libc++";
				CLANG_ENABLE_MODULES = YES;
				CLANG_ENABLE_OBJC_ARC = YES;
				CLANG_ENABLE_OBJC_WEAK = YES;
				CLANG_WARN_BLOCK_CAPTURE_AUTORELEASING = YES;
				CLANG_WARN_BOOL_CONVERSION = YES;
				CLANG_WARN_COMMA = YES;
				CLANG_WARN_CONSTANT_CONVERSION = YES;
				CLANG_WARN_DEPRECATED_OBJC_IMPLEMENTATIONS = YES;
				CLANG_WARN_DIRECT_OBJC_ISA_USAGE = YES_ERROR;
				CLANG_WARN_DOCUMENTATION_COMMENTS = YES;
				CLANG_WARN_EMPTY_BODY = YES;
				CLANG_WARN_ENUM_CONVERSION = YES;
				CLANG_WARN_INFINITE_RECURSION = YES;
				CLANG_WARN_INT_CONVERSION = YES;
				CLANG_WARN_NON_LITERAL_NULL_CONVERSION = YES;
				CLANG_WARN_OBJC_IMPLICIT_RETAIN_SELF = YES;
				CLANG_WARN_OBJC_LITERAL_CONVERSION = YES;
				CLANG_WARN_OBJC_ROOT_CLASS = YES_ERROR;
				CLANG_WARN_QUOTED_INCLUDE_IN_FRAMEWORK_HEADER = YES;
				CLANG_WARN_RANGE_LOOP_ANALYSIS = YES;
				CLANG_WARN_STRICT_PROTOTYPES = YES;
				CLANG_WARN_SUSPICIOUS_MOVE = YES;
				CLANG_WARN_UNGUARDED_AVAILABILITY = YES_AGGRESSIVE;
				CLANG_WARN_UNREACHABLE_CODE = YES;
				CLANG_WARN__DUPLICATE_METHOD_MATCH = YES;
				COPY_PHASE_STRIP = NO;
				DEBUG_INFORMATION_FORMAT = "dwarf-with-dsym";
				ENABLE_NS_ASSERTIONS = NO;
				ENABLE_STRICT_OBJC_MSGSEND = YES;
				GCC_C_LANGUAGE_STANDARD = gnu11;
				GCC_NO_COMMON_BLOCKS = YES;
				GCC_WARN_64_TO_32_BIT_CONVERSION = YES;
				GCC_WARN_ABOUT_RETURN_TYPE = YES_ERROR;
				GCC_WARN_UNDECLARED_SELECTOR = YES;
				GCC_WARN_UNINITIALIZED_AUTOS = YES_AGGRESSIVE;
				GCC_WARN_UNUSED_FUNCTION = YES;
				GCC_WARN_UNUSED_VARIABLE = YES;
				IPHONEOS_DEPLOYMENT_TARGET = 14.5;
				MTL_ENABLE_DEBUG_INFO = NO;
				MTL_FAST_MATH = YES;
				SDKROOT = iphoneos;
				SWIFT_COMPILATION_MODE = wholemodule;
				SWIFT_OPTIMIZATION_LEVEL = "-O";
				VALIDATE_PRODUCT = YES;
			};
			name = Release;
		};
		E9B5AC98267C605C0053FFA3 /* Debug */ = {
			isa = XCBuildConfiguration;
			buildSettings = {
				ASSETCATALOG_COMPILER_APPICON_NAME = AppIcon;
				ASSETCATALOG_COMPILER_GLOBAL_ACCENT_COLOR_NAME = AccentColor;
				CODE_SIGN_STYLE = Automatic;
				DEVELOPMENT_ASSET_PATHS = "\"SocialFood/Preview Content\"";
				DEVELOPMENT_TEAM = 5NYW8GJ82A;
				ENABLE_PREVIEWS = YES;
				INFOPLIST_FILE = SocialFood/Info.plist;
				IPHONEOS_DEPLOYMENT_TARGET = 14.0;
				LD_RUNPATH_SEARCH_PATHS = (
					"$(inherited)",
					"@executable_path/Frameworks",
				);
				PRODUCT_BUNDLE_IDENTIFIER = com.uit.SocialFood;
				PRODUCT_NAME = "$(TARGET_NAME)";
				SWIFT_VERSION = 5.0;
				TARGETED_DEVICE_FAMILY = "1,2";
			};
			name = Debug;
		};
		E9B5AC99267C605C0053FFA3 /* Release */ = {
			isa = XCBuildConfiguration;
			buildSettings = {
				ASSETCATALOG_COMPILER_APPICON_NAME = AppIcon;
				ASSETCATALOG_COMPILER_GLOBAL_ACCENT_COLOR_NAME = AccentColor;
				CODE_SIGN_STYLE = Automatic;
				DEVELOPMENT_ASSET_PATHS = "\"SocialFood/Preview Content\"";
				DEVELOPMENT_TEAM = 5NYW8GJ82A;
				ENABLE_PREVIEWS = YES;
				INFOPLIST_FILE = SocialFood/Info.plist;
				IPHONEOS_DEPLOYMENT_TARGET = 14.0;
				LD_RUNPATH_SEARCH_PATHS = (
					"$(inherited)",
					"@executable_path/Frameworks",
				);
				PRODUCT_BUNDLE_IDENTIFIER = com.uit.SocialFood;
				PRODUCT_NAME = "$(TARGET_NAME)";
				SWIFT_VERSION = 5.0;
				TARGETED_DEVICE_FAMILY = "1,2";
			};
			name = Release;
		};
		E9B5AC9B267C605C0053FFA3 /* Debug */ = {
			isa = XCBuildConfiguration;
			buildSettings = {
				ALWAYS_EMBED_SWIFT_STANDARD_LIBRARIES = YES;
				BUNDLE_LOADER = "$(TEST_HOST)";
				CODE_SIGN_STYLE = Automatic;
				INFOPLIST_FILE = SocialFoodTests/Info.plist;
				IPHONEOS_DEPLOYMENT_TARGET = 14.0;
				LD_RUNPATH_SEARCH_PATHS = (
					"$(inherited)",
					"@executable_path/Frameworks",
					"@loader_path/Frameworks",
				);
				PRODUCT_BUNDLE_IDENTIFIER = com.uit.SocialFoodTests;
				PRODUCT_NAME = "$(TARGET_NAME)";
				SWIFT_VERSION = 5.0;
				TARGETED_DEVICE_FAMILY = "1,2";
				TEST_HOST = "$(BUILT_PRODUCTS_DIR)/SocialFood.app/SocialFood";
			};
			name = Debug;
		};
		E9B5AC9C267C605C0053FFA3 /* Release */ = {
			isa = XCBuildConfiguration;
			buildSettings = {
				ALWAYS_EMBED_SWIFT_STANDARD_LIBRARIES = YES;
				BUNDLE_LOADER = "$(TEST_HOST)";
				CODE_SIGN_STYLE = Automatic;
				INFOPLIST_FILE = SocialFoodTests/Info.plist;
				IPHONEOS_DEPLOYMENT_TARGET = 14.0;
				LD_RUNPATH_SEARCH_PATHS = (
					"$(inherited)",
					"@executable_path/Frameworks",
					"@loader_path/Frameworks",
				);
				PRODUCT_BUNDLE_IDENTIFIER = com.uit.SocialFoodTests;
				PRODUCT_NAME = "$(TARGET_NAME)";
				SWIFT_VERSION = 5.0;
				TARGETED_DEVICE_FAMILY = "1,2";
				TEST_HOST = "$(BUILT_PRODUCTS_DIR)/SocialFood.app/SocialFood";
			};
			name = Release;
		};
		E9B5AC9E267C605C0053FFA3 /* Debug */ = {
			isa = XCBuildConfiguration;
			buildSettings = {
				ALWAYS_EMBED_SWIFT_STANDARD_LIBRARIES = YES;
				CODE_SIGN_STYLE = Automatic;
				INFOPLIST_FILE = SocialFoodUITests/Info.plist;
				LD_RUNPATH_SEARCH_PATHS = (
					"$(inherited)",
					"@executable_path/Frameworks",
					"@loader_path/Frameworks",
				);
				PRODUCT_BUNDLE_IDENTIFIER = com.uit.SocialFoodUITests;
				PRODUCT_NAME = "$(TARGET_NAME)";
				SWIFT_VERSION = 5.0;
				TARGETED_DEVICE_FAMILY = "1,2";
				TEST_TARGET_NAME = SocialFood;
			};
			name = Debug;
		};
		E9B5AC9F267C605C0053FFA3 /* Release */ = {
			isa = XCBuildConfiguration;
			buildSettings = {
				ALWAYS_EMBED_SWIFT_STANDARD_LIBRARIES = YES;
				CODE_SIGN_STYLE = Automatic;
				INFOPLIST_FILE = SocialFoodUITests/Info.plist;
				LD_RUNPATH_SEARCH_PATHS = (
					"$(inherited)",
					"@executable_path/Frameworks",
					"@loader_path/Frameworks",
				);
				PRODUCT_BUNDLE_IDENTIFIER = com.uit.SocialFoodUITests;
				PRODUCT_NAME = "$(TARGET_NAME)";
				SWIFT_VERSION = 5.0;
				TARGETED_DEVICE_FAMILY = "1,2";
				TEST_TARGET_NAME = SocialFood;
			};
			name = Release;
		};
/* End XCBuildConfiguration section */

/* Begin XCConfigurationList section */
		E9B5AC6D267C60590053FFA3 /* Build configuration list for PBXProject "SocialFood" */ = {
			isa = XCConfigurationList;
			buildConfigurations = (
				E9B5AC95267C605C0053FFA3 /* Debug */,
				E9B5AC96267C605C0053FFA3 /* Release */,
			);
			defaultConfigurationIsVisible = 0;
			defaultConfigurationName = Release;
		};
		E9B5AC97267C605C0053FFA3 /* Build configuration list for PBXNativeTarget "SocialFood" */ = {
			isa = XCConfigurationList;
			buildConfigurations = (
				E9B5AC98267C605C0053FFA3 /* Debug */,
				E9B5AC99267C605C0053FFA3 /* Release */,
			);
			defaultConfigurationIsVisible = 0;
			defaultConfigurationName = Release;
		};
		E9B5AC9A267C605C0053FFA3 /* Build configuration list for PBXNativeTarget "SocialFoodTests" */ = {
			isa = XCConfigurationList;
			buildConfigurations = (
				E9B5AC9B267C605C0053FFA3 /* Debug */,
				E9B5AC9C267C605C0053FFA3 /* Release */,
			);
			defaultConfigurationIsVisible = 0;
			defaultConfigurationName = Release;
		};
		E9B5AC9D267C605C0053FFA3 /* Build configuration list for PBXNativeTarget "SocialFoodUITests" */ = {
			isa = XCConfigurationList;
			buildConfigurations = (
				E9B5AC9E267C605C0053FFA3 /* Debug */,
				E9B5AC9F267C605C0053FFA3 /* Release */,
			);
			defaultConfigurationIsVisible = 0;
			defaultConfigurationName = Release;
		};
/* End XCConfigurationList section */
	};
	rootObject = E9B5AC6A267C60590053FFA3 /* Project object */;
}
